<Solution>
  <Project Path="MyProject.BLL/MyProject.BLL.csproj" />
  <Project Path="MyProject.DAL/MyProject.DAL.csproj" />
  <Project Path="MyProject.DTO/MyProject.DTO.csproj" />
  <Project Path="MyProject.Tests/MyProject.Tests.csproj" />
  <Project Path="MyProject.Web/MyProject.Web.csproj" />
  <Project Path="MyProject.WinForms/MyProject.WinForms.csproj" Id="873f094d-1534-467d-b2ad-f19afc513f66" />
</Solution>
